// !$*UTF8*$!
{
	archiveVersion = 1;
	classes = {
	};
	objectVersion = 51;
	objects = {

/* Begin PBXBuildFile section */
		0430E2F9243308240012D117 /* ListTableview.swift in Sources */ = {isa = PBXBuildFile; fileRef = 0430E2F8243308240012D117 /* ListTableview.swift */; };
		0430E2FB243308D80012D117 /* ListCell.swift in Sources */ = {isa = PBXBuildFile; fileRef = 0430E2FA243308D80012D117 /* ListCell.swift */; };
		0430E2FD243314C70012D117 /* ListHeader.swift in Sources */ = {isa = PBXBuildFile; fileRef = 0430E2FC243314C70012D117 /* ListHeader.swift */; };
		043F611F242907A60013AEBD /* STTabBarController.swift in Sources */ = {isa = PBXBuildFile; fileRef = 043F611E242907A60013AEBD /* STTabBarController.swift */; };
		043F6121242907BB0013AEBD /* STTabBar.swift in Sources */ = {isa = PBXBuildFile; fileRef = 043F6120242907BB0013AEBD /* STTabBar.swift */; };
		043F6123242907CB0013AEBD /* STTabBarCenterButton.swift in Sources */ = {isa = PBXBuildFile; fileRef = 043F6122242907CB0013AEBD /* STTabBarCenterButton.swift */; };
		043F612624290F760013AEBD /* ScheduleController.swift in Sources */ = {isa = PBXBuildFile; fileRef = 043F612524290F760013AEBD /* ScheduleController.swift */; };
		044B0AA2242F872C000E5591 /* CalendarHeaderView.swift in Sources */ = {isa = PBXBuildFile; fileRef = 044B0AA1242F872C000E5591 /* CalendarHeaderView.swift */; };
		04CF770C242A4DFC00F13060 /* NoticeController.swift in Sources */ = {isa = PBXBuildFile; fileRef = 04CF770B242A4DFC00F13060 /* NoticeController.swift */; };
		04CF770E242A5D1900F13060 /* Alamofire.framework in Frameworks */ = {isa = PBXBuildFile; fileRef = 04CF770D242A5D1900F13060 /* Alamofire.framework */; };
		04CF7710242B17B300F13060 /* CenterBtnView.swift in Sources */ = {isa = PBXBuildFile; fileRef = 04CF770F242B17B300F13060 /* CenterBtnView.swift */; };
		04CF7712242B7ED000F13060 /* TNCalendar.swift in Sources */ = {isa = PBXBuildFile; fileRef = 04CF7711242B7ED000F13060 /* TNCalendar.swift */; };
		04CF7714242B80A100F13060 /* CalendarView.swift in Sources */ = {isa = PBXBuildFile; fileRef = 04CF7713242B80A100F13060 /* CalendarView.swift */; };
		04CF7724242C6AA300F13060 /* CalendarCell.swift in Sources */ = {isa = PBXBuildFile; fileRef = 04CF7723242C6AA300F13060 /* CalendarCell.swift */; };
		04F06582242DE7D800605D6F /* ColorStorage.swift in Sources */ = {isa = PBXBuildFile; fileRef = 04F06581242DE7D800605D6F /* ColorStorage.swift */; };
		2D936F77CACC3B000E2B0055 /* Pods_Notice.framework in Frameworks */ = {isa = PBXBuildFile; fileRef = 7671CC138C1BD8C3DE529719 /* Pods_Notice.framework */; };
		D318625F240EBBFF00ADA771 /* TotalExtension.swift in Sources */ = {isa = PBXBuildFile; fileRef = D318625E240EBBFF00ADA771 /* TotalExtension.swift */; };
		D3645F1A240BA05F00BC12C0 /* LoginViewController.swift in Sources */ = {isa = PBXBuildFile; fileRef = D3645F19240BA05F00BC12C0 /* LoginViewController.swift */; };
		D392C13424249EF0003EDFAB /* LoginText.swift in Sources */ = {isa = PBXBuildFile; fileRef = D392C13324249EF0003EDFAB /* LoginText.swift */; };
		D3B255B0240B9E030040AAE0 /* AppDelegate.swift in Sources */ = {isa = PBXBuildFile; fileRef = D3B255AF240B9E030040AAE0 /* AppDelegate.swift */; };
		D3B255B7240B9E030040AAE0 /* Main.storyboard in Resources */ = {isa = PBXBuildFile; fileRef = D3B255B5240B9E030040AAE0 /* Main.storyboard */; };
		D3B255B9240B9E040040AAE0 /* Assets.xcassets in Resources */ = {isa = PBXBuildFile; fileRef = D3B255B8240B9E040040AAE0 /* Assets.xcassets */; };
		D3B255BC240B9E040040AAE0 /* LaunchScreen.storyboard in Resources */ = {isa = PBXBuildFile; fileRef = D3B255BA240B9E040040AAE0 /* LaunchScreen.storyboard */; };
/* End PBXBuildFile section */

/* Begin PBXFileReference section */
		026B308B37AED004607BA7F2 /* Pods-Notice.debug.xcconfig */ = {isa = PBXFileReference; includeInIndex = 1; lastKnownFileType = text.xcconfig; name = "Pods-Notice.debug.xcconfig"; path = "Target Support Files/Pods-Notice/Pods-Notice.debug.xcconfig"; sourceTree = "<group>"; };
		0430E2F8243308240012D117 /* ListTableview.swift */ = {isa = PBXFileReference; lastKnownFileType = sourcecode.swift; path = ListTableview.swift; sourceTree = "<group>"; };
		0430E2FA243308D80012D117 /* ListCell.swift */ = {isa = PBXFileReference; lastKnownFileType = sourcecode.swift; path = ListCell.swift; sourceTree = "<group>"; };
		0430E2FC243314C70012D117 /* ListHeader.swift */ = {isa = PBXFileReference; lastKnownFileType = sourcecode.swift; path = ListHeader.swift; sourceTree = "<group>"; };
		043F611E242907A60013AEBD /* STTabBarController.swift */ = {isa = PBXFileReference; lastKnownFileType = sourcecode.swift; path = STTabBarController.swift; sourceTree = "<group>"; };
		043F6120242907BB0013AEBD /* STTabBar.swift */ = {isa = PBXFileReference; lastKnownFileType = sourcecode.swift; path = STTabBar.swift; sourceTree = "<group>"; };
		043F6122242907CB0013AEBD /* STTabBarCenterButton.swift */ = {isa = PBXFileReference; lastKnownFileType = sourcecode.swift; path = STTabBarCenterButton.swift; sourceTree = "<group>"; };
		043F612524290F760013AEBD /* ScheduleController.swift */ = {isa = PBXFileReference; lastKnownFileType = sourcecode.swift; path = ScheduleController.swift; sourceTree = "<group>"; };
		044B0AA1242F872C000E5591 /* CalendarHeaderView.swift */ = {isa = PBXFileReference; lastKnownFileType = sourcecode.swift; path = CalendarHeaderView.swift; sourceTree = "<group>"; };
		04CF770B242A4DFC00F13060 /* NoticeController.swift */ = {isa = PBXFileReference; lastKnownFileType = sourcecode.swift; path = NoticeController.swift; sourceTree = "<group>"; };
		04CF770D242A5D1900F13060 /* Alamofire.framework */ = {isa = PBXFileReference; explicitFileType = wrapper.framework; path = Alamofire.framework; sourceTree = BUILT_PRODUCTS_DIR; };
		04CF770F242B17B300F13060 /* CenterBtnView.swift */ = {isa = PBXFileReference; lastKnownFileType = sourcecode.swift; path = CenterBtnView.swift; sourceTree = "<group>"; };
		04CF7711242B7ED000F13060 /* TNCalendar.swift */ = {isa = PBXFileReference; lastKnownFileType = sourcecode.swift; path = TNCalendar.swift; sourceTree = "<group>"; };
		04CF7713242B80A100F13060 /* CalendarView.swift */ = {isa = PBXFileReference; lastKnownFileType = sourcecode.swift; path = CalendarView.swift; sourceTree = "<group>"; };
		04CF7723242C6AA300F13060 /* CalendarCell.swift */ = {isa = PBXFileReference; lastKnownFileType = sourcecode.swift; path = CalendarCell.swift; sourceTree = "<group>"; };
		04F06581242DE7D800605D6F /* ColorStorage.swift */ = {isa = PBXFileReference; lastKnownFileType = sourcecode.swift; path = ColorStorage.swift; sourceTree = "<group>"; };
		05E0434E8826D5DD4A8DFD6D /* Pods-Notice.release.xcconfig */ = {isa = PBXFileReference; includeInIndex = 1; lastKnownFileType = text.xcconfig; name = "Pods-Notice.release.xcconfig"; path = "Target Support Files/Pods-Notice/Pods-Notice.release.xcconfig"; sourceTree = "<group>"; };
		7671CC138C1BD8C3DE529719 /* Pods_Notice.framework */ = {isa = PBXFileReference; explicitFileType = wrapper.framework; includeInIndex = 0; path = Pods_Notice.framework; sourceTree = BUILT_PRODUCTS_DIR; };
		D318625E240EBBFF00ADA771 /* TotalExtension.swift */ = {isa = PBXFileReference; lastKnownFileType = sourcecode.swift; path = TotalExtension.swift; sourceTree = "<group>"; };
		D3645F19240BA05F00BC12C0 /* LoginViewController.swift */ = {isa = PBXFileReference; lastKnownFileType = sourcecode.swift; path = LoginViewController.swift; sourceTree = "<group>"; };
		D392C13324249EF0003EDFAB /* LoginText.swift */ = {isa = PBXFileReference; lastKnownFileType = sourcecode.swift; path = LoginText.swift; sourceTree = "<group>"; };
		D3B255AC240B9E030040AAE0 /* Notice.app */ = {isa = PBXFileReference; explicitFileType = wrapper.application; includeInIndex = 0; path = Notice.app; sourceTree = BUILT_PRODUCTS_DIR; };
		D3B255AF240B9E030040AAE0 /* AppDelegate.swift */ = {isa = PBXFileReference; lastKnownFileType = sourcecode.swift; path = AppDelegate.swift; sourceTree = "<group>"; };
		D3B255B6240B9E030040AAE0 /* Base */ = {isa = PBXFileReference; lastKnownFileType = file.storyboard; name = Base; path = Base.lproj/Main.storyboard; sourceTree = "<group>"; };
		D3B255B8240B9E040040AAE0 /* Assets.xcassets */ = {isa = PBXFileReference; lastKnownFileType = folder.assetcatalog; path = Assets.xcassets; sourceTree = "<group>"; };
		D3B255BB240B9E040040AAE0 /* Base */ = {isa = PBXFileReference; lastKnownFileType = file.storyboard; name = Base; path = Base.lproj/LaunchScreen.storyboard; sourceTree = "<group>"; };
		D3B255BD240B9E040040AAE0 /* Info.plist */ = {isa = PBXFileReference; lastKnownFileType = text.plist.xml; path = Info.plist; sourceTree = "<group>"; };
/* End PBXFileReference section */

/* Begin PBXFrameworksBuildPhase section */
		D3B255A9240B9E030040AAE0 /* Frameworks */ = {
			isa = PBXFrameworksBuildPhase;
			buildActionMask = 2147483647;
			files = (
				04CF770E242A5D1900F13060 /* Alamofire.framework in Frameworks */,
				2D936F77CACC3B000E2B0055 /* Pods_Notice.framework in Frameworks */,
			);
			runOnlyForDeploymentPostprocessing = 0;
		};
/* End PBXFrameworksBuildPhase section */

/* Begin PBXGroup section */
		0430E2F6243307EF0012D117 /* Calendar */ = {
			isa = PBXGroup;
			children = (
				04CF7723242C6AA300F13060 /* CalendarCell.swift */,
				04CF7713242B80A100F13060 /* CalendarView.swift */,
				044B0AA1242F872C000E5591 /* CalendarHeaderView.swift */,
			);
			path = Calendar;
			sourceTree = "<group>";
		};
		0430E2F7243307FD0012D117 /* List */ = {
			isa = PBXGroup;
			children = (
				0430E2F8243308240012D117 /* ListTableview.swift */,
				0430E2FA243308D80012D117 /* ListCell.swift */,
				0430E2FC243314C70012D117 /* ListHeader.swift */,
			);
			path = List;
			sourceTree = "<group>";
		};
		043F611D242907930013AEBD /* Tabbar */ = {
			isa = PBXGroup;
			children = (
				043F611E242907A60013AEBD /* STTabBarController.swift */,
				043F6120242907BB0013AEBD /* STTabBar.swift */,
				043F6122242907CB0013AEBD /* STTabBarCenterButton.swift */,
				04CF770F242B17B300F13060 /* CenterBtnView.swift */,
			);
			path = Tabbar;
			sourceTree = "<group>";
		};
		043F612424290BB00013AEBD /* Schedule */ = {
			isa = PBXGroup;
			children = (
				043F612924290F840013AEBD /* Module */,
				043F612824290F7E0013AEBD /* View */,
				043F612724290F7A0013AEBD /* Controller */,
			);
			path = Schedule;
			sourceTree = "<group>";
		};
		043F612724290F7A0013AEBD /* Controller */ = {
			isa = PBXGroup;
			children = (
				043F612524290F760013AEBD /* ScheduleController.swift */,
			);
			path = Controller;
			sourceTree = "<group>";
		};
		043F612824290F7E0013AEBD /* View */ = {
			isa = PBXGroup;
			children = (
				0430E2F7243307FD0012D117 /* List */,
				0430E2F6243307EF0012D117 /* Calendar */,
			);
			path = View;
			sourceTree = "<group>";
		};
		043F612924290F840013AEBD /* Module */ = {
			isa = PBXGroup;
			children = (
				04CF7711242B7ED000F13060 /* TNCalendar.swift */,
			);
			path = Module;
			sourceTree = "<group>";
		};
		044B0A9E242F1C24000E5591 /* Public */ = {
			isa = PBXGroup;
			children = (
				D318625E240EBBFF00ADA771 /* TotalExtension.swift */,
				04F06581242DE7D800605D6F /* ColorStorage.swift */,
			);
			path = Public;
			sourceTree = "<group>";
		};
		044B0A9F242F1C36000E5591 /* AppInfo */ = {
			isa = PBXGroup;
			children = (
				D3B255AF240B9E030040AAE0 /* AppDelegate.swift */,
				D3B255B5240B9E030040AAE0 /* Main.storyboard */,
				D3B255B8240B9E040040AAE0 /* Assets.xcassets */,
				D3B255BA240B9E040040AAE0 /* LaunchScreen.storyboard */,
			);
			path = AppInfo;
			sourceTree = "<group>";
		};
		044B0AA0242F1DA7000E5591 /* PersonalPage */ = {
			isa = PBXGroup;
			children = (
			);
			path = PersonalPage;
			sourceTree = "<group>";
		};
		04CF7705242A4D7500F13060 /* TJUNotice */ = {
			isa = PBXGroup;
			children = (
				04CF7708242A4D8F00F13060 /* Model */,
				04CF7707242A4D8C00F13060 /* View */,
				04CF7706242A4D7E00F13060 /* Controller */,
			);
			path = TJUNotice;
			sourceTree = "<group>";
		};
		04CF7706242A4D7E00F13060 /* Controller */ = {
			isa = PBXGroup;
			children = (
				04CF770B242A4DFC00F13060 /* NoticeController.swift */,
			);
			path = Controller;
			sourceTree = "<group>";
		};
		04CF7707242A4D8C00F13060 /* View */ = {
			isa = PBXGroup;
			children = (
			);
			path = View;
			sourceTree = "<group>";
		};
		04CF7708242A4D8F00F13060 /* Model */ = {
			isa = PBXGroup;
			children = (
			);
			path = Model;
			sourceTree = "<group>";
		};
		96E493416CB0AAFD9D889B9B /* Pods */ = {
			isa = PBXGroup;
			children = (
				026B308B37AED004607BA7F2 /* Pods-Notice.debug.xcconfig */,
				05E0434E8826D5DD4A8DFD6D /* Pods-Notice.release.xcconfig */,
			);
			path = Pods;
			sourceTree = "<group>";
		};
		C21D06DC9EC1674A0BA3737C /* Frameworks */ = {
			isa = PBXGroup;
			children = (
				04CF770D242A5D1900F13060 /* Alamofire.framework */,
				7671CC138C1BD8C3DE529719 /* Pods_Notice.framework */,
			);
			name = Frameworks;
			sourceTree = "<group>";
		};
		D3645F1B240BA06700BC12C0 /* Login */ = {
			isa = PBXGroup;
			children = (
				D3645F1E240BA08800BC12C0 /* M */,
				D3645F1D240BA08200BC12C0 /* V */,
				D3645F1C240BA07900BC12C0 /* C */,
			);
			path = Login;
			sourceTree = "<group>";
		};
		D3645F1C240BA07900BC12C0 /* C */ = {
			isa = PBXGroup;
			children = (
				D3645F19240BA05F00BC12C0 /* LoginViewController.swift */,
			);
			path = C;
			sourceTree = "<group>";
		};
		D3645F1D240BA08200BC12C0 /* V */ = {
			isa = PBXGroup;
			children = (
				D392C13324249EF0003EDFAB /* LoginText.swift */,
			);
			path = V;
			sourceTree = "<group>";
		};
		D3645F1E240BA08800BC12C0 /* M */ = {
			isa = PBXGroup;
			children = (
			);
			path = M;
			sourceTree = "<group>";
		};
		D3B255A3240B9E030040AAE0 = {
			isa = PBXGroup;
			children = (
				D3B255AE240B9E030040AAE0 /* Notice */,
				D3B255AD240B9E030040AAE0 /* Products */,
				96E493416CB0AAFD9D889B9B /* Pods */,
				C21D06DC9EC1674A0BA3737C /* Frameworks */,
			);
			sourceTree = "<group>";
		};
		D3B255AD240B9E030040AAE0 /* Products */ = {
			isa = PBXGroup;
			children = (
				D3B255AC240B9E030040AAE0 /* Notice.app */,
			);
			name = Products;
			sourceTree = "<group>";
		};
		D3B255AE240B9E030040AAE0 /* Notice */ = {
			isa = PBXGroup;
			children = (
				D3B255BD240B9E040040AAE0 /* Info.plist */,
				044B0AA0242F1DA7000E5591 /* PersonalPage */,
				044B0A9F242F1C36000E5591 /* AppInfo */,
				044B0A9E242F1C24000E5591 /* Public */,
				04CF7705242A4D7500F13060 /* TJUNotice */,
				043F612424290BB00013AEBD /* Schedule */,
				043F611D242907930013AEBD /* Tabbar */,
				D3645F1B240BA06700BC12C0 /* Login */,
			);
			path = Notice;
			sourceTree = "<group>";
		};
/* End PBXGroup section */

/* Begin PBXNativeTarget section */
		D3B255AB240B9E030040AAE0 /* Notice */ = {
			isa = PBXNativeTarget;
			buildConfigurationList = D3B255C0240B9E040040AAE0 /* Build configuration list for PBXNativeTarget "Notice" */;
			buildPhases = (
				63FCD6AE9720BDB3E99336A3 /* [CP] Check Pods Manifest.lock */,
				D3B255A8240B9E030040AAE0 /* Sources */,
				D3B255A9240B9E030040AAE0 /* Frameworks */,
				D3B255AA240B9E030040AAE0 /* Resources */,
				1D47EEB602561B0EF20BA101 /* [CP] Embed Pods Frameworks */,
			);
			buildRules = (
			);
			dependencies = (
			);
			name = Notice;
			productName = Notice;
			productReference = D3B255AC240B9E030040AAE0 /* Notice.app */;
			productType = "com.apple.product-type.application";
		};
/* End PBXNativeTarget section */

/* Begin PBXProject section */
		D3B255A4240B9E030040AAE0 /* Project object */ = {
			isa = PBXProject;
			attributes = {
				LastSwiftUpdateCheck = 1130;
				LastUpgradeCheck = 1130;
				ORGANIZATIONNAME = "Zr埋";
				TargetAttributes = {
					D3B255AB240B9E030040AAE0 = {
						CreatedOnToolsVersion = 11.3.1;
					};
				};
			};
			buildConfigurationList = D3B255A7240B9E030040AAE0 /* Build configuration list for PBXProject "Notice" */;
			compatibilityVersion = "Xcode 9.3";
			developmentRegion = en;
			hasScannedForEncodings = 0;
			knownRegions = (
				en,
				Base,
			);
			mainGroup = D3B255A3240B9E030040AAE0;
			productRefGroup = D3B255AD240B9E030040AAE0 /* Products */;
			projectDirPath = "";
			projectRoot = "";
			targets = (
				D3B255AB240B9E030040AAE0 /* Notice */,
			);
		};
/* End PBXProject section */

/* Begin PBXResourcesBuildPhase section */
		D3B255AA240B9E030040AAE0 /* Resources */ = {
			isa = PBXResourcesBuildPhase;
			buildActionMask = 2147483647;
			files = (
				D3B255BC240B9E040040AAE0 /* LaunchScreen.storyboard in Resources */,
				D3B255B9240B9E040040AAE0 /* Assets.xcassets in Resources */,
				D3B255B7240B9E030040AAE0 /* Main.storyboard in Resources */,
			);
			runOnlyForDeploymentPostprocessing = 0;
		};
/* End PBXResourcesBuildPhase section */

/* Begin PBXShellScriptBuildPhase section */
		1D47EEB602561B0EF20BA101 /* [CP] Embed Pods Frameworks */ = {
			isa = PBXShellScriptBuildPhase;
			buildActionMask = 2147483647;
			files = (
			);
			inputFileListPaths = (
				"${PODS_ROOT}/Target Support Files/Pods-Notice/Pods-Notice-frameworks-${CONFIGURATION}-input-files.xcfilelist",
			);
			name = "[CP] Embed Pods Frameworks";
			outputFileListPaths = (
				"${PODS_ROOT}/Target Support Files/Pods-Notice/Pods-Notice-frameworks-${CONFIGURATION}-output-files.xcfilelist",
			);
			runOnlyForDeploymentPostprocessing = 0;
			shellPath = /bin/sh;
			shellScript = "\"${PODS_ROOT}/Target Support Files/Pods-Notice/Pods-Notice-frameworks.sh\"\n";
			showEnvVarsInLog = 0;
		};
		63FCD6AE9720BDB3E99336A3 /* [CP] Check Pods Manifest.lock */ = {
			isa = PBXShellScriptBuildPhase;
			buildActionMask = 2147483647;
			files = (
			);
			inputFileListPaths = (
			);
			inputPaths = (
				"${PODS_PODFILE_DIR_PATH}/Podfile.lock",
				"${PODS_ROOT}/Manifest.lock",
			);
			name = "[CP] Check Pods Manifest.lock";
			outputFileListPaths = (
			);
			outputPaths = (
				"$(DERIVED_FILE_DIR)/Pods-Notice-checkManifestLockResult.txt",
			);
			runOnlyForDeploymentPostprocessing = 0;
			shellPath = /bin/sh;
			shellScript = "diff \"${PODS_PODFILE_DIR_PATH}/Podfile.lock\" \"${PODS_ROOT}/Manifest.lock\" > /dev/null\nif [ $? != 0 ] ; then\n    # print error to STDERR\n    echo \"error: The sandbox is not in sync with the Podfile.lock. Run 'pod install' or update your CocoaPods installation.\" >&2\n    exit 1\nfi\n# This output is used by Xcode 'outputs' to avoid re-running this script phase.\necho \"SUCCESS\" > \"${SCRIPT_OUTPUT_FILE_0}\"\n";
			showEnvVarsInLog = 0;
		};
/* End PBXShellScriptBuildPhase section */

/* Begin PBXSourcesBuildPhase section */
		D3B255A8240B9E030040AAE0 /* Sources */ = {
			isa = PBXSourcesBuildPhase;
			buildActionMask = 2147483647;
			files = (
				043F6123242907CB0013AEBD /* STTabBarCenterButton.swift in Sources */,
				04F06582242DE7D800605D6F /* ColorStorage.swift in Sources */,
				04CF7724242C6AA300F13060 /* CalendarCell.swift in Sources */,
				04CF7714242B80A100F13060 /* CalendarView.swift in Sources */,
				D392C13424249EF0003EDFAB /* LoginText.swift in Sources */,
				04CF7712242B7ED000F13060 /* TNCalendar.swift in Sources */,
				043F6121242907BB0013AEBD /* STTabBar.swift in Sources */,
				04CF770C242A4DFC00F13060 /* NoticeController.swift in Sources */,
				D318625F240EBBFF00ADA771 /* TotalExtension.swift in Sources */,
				04CF7710242B17B300F13060 /* CenterBtnView.swift in Sources */,
				D3645F1A240BA05F00BC12C0 /* LoginViewController.swift in Sources */,
				0430E2FB243308D80012D117 /* ListCell.swift in Sources */,
				D3B255B0240B9E030040AAE0 /* AppDelegate.swift in Sources */,
				043F612624290F760013AEBD /* ScheduleController.swift in Sources */,
				0430E2F9243308240012D117 /* ListTableview.swift in Sources */,
				044B0AA2242F872C000E5591 /* CalendarHeaderView.swift in Sources */,
				0430E2FD243314C70012D117 /* ListHeader.swift in Sources */,
				043F611F242907A60013AEBD /* STTabBarController.swift in Sources */,
			);
			runOnlyForDeploymentPostprocessing = 0;
		};
/* End PBXSourcesBuildPhase section */

/* Begin PBXVariantGroup section */
		D3B255B5240B9E030040AAE0 /* Main.storyboard */ = {
			isa = PBXVariantGroup;
			children = (
				D3B255B6240B9E030040AAE0 /* Base */,
			);
			name = Main.storyboard;
			sourceTree = "<group>";
		};
		D3B255BA240B9E040040AAE0 /* LaunchScreen.storyboard */ = {
			isa = PBXVariantGroup;
			children = (
				D3B255BB240B9E040040AAE0 /* Base */,
			);
			name = LaunchScreen.storyboard;
			sourceTree = "<group>";
		};
/* End PBXVariantGroup section */

/* Begin XCBuildConfiguration section */
		D3B255BE240B9E040040AAE0 /* Debug */ = {
			isa = XCBuildConfiguration;
			buildSettings = {
				ALWAYS_SEARCH_USER_PATHS = NO;
				CLANG_ANALYZER_NONNULL = YES;
				CLANG_ANALYZER_NUMBER_OBJECT_CONVERSION = YES_AGGRESSIVE;
				CLANG_CXX_LANGUAGE_STANDARD = "gnu++14";
				CLANG_CXX_LIBRARY = "libc++";
				CLANG_ENABLE_MODULES = YES;
				CLANG_ENABLE_OBJC_ARC = YES;
				CLANG_ENABLE_OBJC_WEAK = YES;
				CLANG_WARN_BLOCK_CAPTURE_AUTORELEASING = YES;
				CLANG_WARN_BOOL_CONVERSION = YES;
				CLANG_WARN_COMMA = YES;
				CLANG_WARN_CONSTANT_CONVERSION = YES;
				CLANG_WARN_DEPRECATED_OBJC_IMPLEMENTATIONS = YES;
				CLANG_WARN_DIRECT_OBJC_ISA_USAGE = YES_ERROR;
				CLANG_WARN_DOCUMENTATION_COMMENTS = YES;
				CLANG_WARN_EMPTY_BODY = YES;
				CLANG_WARN_ENUM_CONVERSION = YES;
				CLANG_WARN_INFINITE_RECURSION = YES;
				CLANG_WARN_INT_CONVERSION = YES;
				CLANG_WARN_NON_LITERAL_NULL_CONVERSION = YES;
				CLANG_WARN_OBJC_IMPLICIT_RETAIN_SELF = YES;
				CLANG_WARN_OBJC_LITERAL_CONVERSION = YES;
				CLANG_WARN_OBJC_ROOT_CLASS = YES_ERROR;
				CLANG_WARN_RANGE_LOOP_ANALYSIS = YES;
				CLANG_WARN_STRICT_PROTOTYPES = YES;
				CLANG_WARN_SUSPICIOUS_MOVE = YES;
				CLANG_WARN_UNGUARDED_AVAILABILITY = YES_AGGRESSIVE;
				CLANG_WARN_UNREACHABLE_CODE = YES;
				CLANG_WARN__DUPLICATE_METHOD_MATCH = YES;
				COPY_PHASE_STRIP = NO;
				DEBUG_INFORMATION_FORMAT = dwarf;
				ENABLE_STRICT_OBJC_MSGSEND = YES;
				ENABLE_TESTABILITY = YES;
				GCC_C_LANGUAGE_STANDARD = gnu11;
				GCC_DYNAMIC_NO_PIC = NO;
				GCC_NO_COMMON_BLOCKS = YES;
				GCC_OPTIMIZATION_LEVEL = 0;
				GCC_PREPROCESSOR_DEFINITIONS = (
					"DEBUG=1",
					"$(inherited)",
				);
				GCC_WARN_64_TO_32_BIT_CONVERSION = YES;
				GCC_WARN_ABOUT_RETURN_TYPE = YES_ERROR;
				GCC_WARN_UNDECLARED_SELECTOR = YES;
				GCC_WARN_UNINITIALIZED_AUTOS = YES_AGGRESSIVE;
				GCC_WARN_UNUSED_FUNCTION = YES;
				GCC_WARN_UNUSED_VARIABLE = YES;
				IPHONEOS_DEPLOYMENT_TARGET = 13.2;
				MTL_ENABLE_DEBUG_INFO = INCLUDE_SOURCE;
				MTL_FAST_MATH = YES;
				ONLY_ACTIVE_ARCH = YES;
				SDKROOT = iphoneos;
				SWIFT_ACTIVE_COMPILATION_CONDITIONS = DEBUG;
				SWIFT_OPTIMIZATION_LEVEL = "-Onone";
			};
			name = Debug;
		};
		D3B255BF240B9E040040AAE0 /* Release */ = {
			isa = XCBuildConfiguration;
			buildSettings = {
				ALWAYS_SEARCH_USER_PATHS = NO;
				CLANG_ANALYZER_NONNULL = YES;
				CLANG_ANALYZER_NUMBER_OBJECT_CONVERSION = YES_AGGRESSIVE;
				CLANG_CXX_LANGUAGE_STANDARD = "gnu++14";
				CLANG_CXX_LIBRARY = "libc++";
				CLANG_ENABLE_MODULES = YES;
				CLANG_ENABLE_OBJC_ARC = YES;
				CLANG_ENABLE_OBJC_WEAK = YES;
				CLANG_WARN_BLOCK_CAPTURE_AUTORELEASING = YES;
				CLANG_WARN_BOOL_CONVERSION = YES;
				CLANG_WARN_COMMA = YES;
				CLANG_WARN_CONSTANT_CONVERSION = YES;
				CLANG_WARN_DEPRECATED_OBJC_IMPLEMENTATIONS = YES;
				CLANG_WARN_DIRECT_OBJC_ISA_USAGE = YES_ERROR;
				CLANG_WARN_DOCUMENTATION_COMMENTS = YES;
				CLANG_WARN_EMPTY_BODY = YES;
				CLANG_WARN_ENUM_CONVERSION = YES;
				CLANG_WARN_INFINITE_RECURSION = YES;
				CLANG_WARN_INT_CONVERSION = YES;
				CLANG_WARN_NON_LITERAL_NULL_CONVERSION = YES;
				CLANG_WARN_OBJC_IMPLICIT_RETAIN_SELF = YES;
				CLANG_WARN_OBJC_LITERAL_CONVERSION = YES;
				CLANG_WARN_OBJC_ROOT_CLASS = YES_ERROR;
				CLANG_WARN_RANGE_LOOP_ANALYSIS = YES;
				CLANG_WARN_STRICT_PROTOTYPES = YES;
				CLANG_WARN_SUSPICIOUS_MOVE = YES;
				CLANG_WARN_UNGUARDED_AVAILABILITY = YES_AGGRESSIVE;
				CLANG_WARN_UNREACHABLE_CODE = YES;
				CLANG_WARN__DUPLICATE_METHOD_MATCH = YES;
				COPY_PHASE_STRIP = NO;
				DEBUG_INFORMATION_FORMAT = "dwarf-with-dsym";
				ENABLE_NS_ASSERTIONS = NO;
				ENABLE_STRICT_OBJC_MSGSEND = YES;
				GCC_C_LANGUAGE_STANDARD = gnu11;
				GCC_NO_COMMON_BLOCKS = YES;
				GCC_WARN_64_TO_32_BIT_CONVERSION = YES;
				GCC_WARN_ABOUT_RETURN_TYPE = YES_ERROR;
				GCC_WARN_UNDECLARED_SELECTOR = YES;
				GCC_WARN_UNINITIALIZED_AUTOS = YES_AGGRESSIVE;
				GCC_WARN_UNUSED_FUNCTION = YES;
				GCC_WARN_UNUSED_VARIABLE = YES;
				IPHONEOS_DEPLOYMENT_TARGET = 13.2;
				MTL_ENABLE_DEBUG_INFO = NO;
				MTL_FAST_MATH = YES;
				SDKROOT = iphoneos;
				SWIFT_COMPILATION_MODE = wholemodule;
				SWIFT_OPTIMIZATION_LEVEL = "-O";
				VALIDATE_PRODUCT = YES;
			};
			name = Release;
		};
		D3B255C1240B9E040040AAE0 /* Debug */ = {
			isa = XCBuildConfiguration;
			baseConfigurationReference = 026B308B37AED004607BA7F2 /* Pods-Notice.debug.xcconfig */;
			buildSettings = {
				ASSETCATALOG_COMPILER_APPICON_NAME = AppIcon;
				CODE_SIGN_STYLE = Automatic;
				DEVELOPMENT_TEAM = 46H3U2735R;
				INFOPLIST_FILE = Notice/Info.plist;
				LD_RUNPATH_SEARCH_PATHS = (
					"$(inherited)",
					"@executable_path/Frameworks",
				);
				PRODUCT_BUNDLE_IDENTIFIER = zzx.Notice;
				PRODUCT_NAME = "$(TARGET_NAME)";
				SWIFT_VERSION = 5.0;
				TARGETED_DEVICE_FAMILY = "1,2";
			};
			name = Debug;
		};
		D3B255C2240B9E040040AAE0 /* Release */ = {
			isa = XCBuildConfiguration;
			baseConfigurationReference = 05E0434E8826D5DD4A8DFD6D /* Pods-Notice.release.xcconfig */;
			buildSettings = {
				ASSETCATALOG_COMPILER_APPICON_NAME = AppIcon;
				CODE_SIGN_STYLE = Automatic;
				DEVELOPMENT_TEAM = 46H3U2735R;
				INFOPLIST_FILE = Notice/Info.plist;
				LD_RUNPATH_SEARCH_PATHS = (
					"$(inherited)",
					"@executable_path/Frameworks",
				);
				PRODUCT_BUNDLE_IDENTIFIER = zzx.Notice;
				PRODUCT_NAME = "$(TARGET_NAME)";
				SWIFT_VERSION = 5.0;
				TARGETED_DEVICE_FAMILY = "1,2";
			};
			name = Release;
		};
/* End XCBuildConfiguration section */

/* Begin XCConfigurationList section */
		D3B255A7240B9E030040AAE0 /* Build configuration list for PBXProject "Notice" */ = {
			isa = XCConfigurationList;
			buildConfigurations = (
				D3B255BE240B9E040040AAE0 /* Debug */,
				D3B255BF240B9E040040AAE0 /* Release */,
			);
			defaultConfigurationIsVisible = 0;
			defaultConfigurationName = Release;
		};
		D3B255C0240B9E040040AAE0 /* Build configuration list for PBXNativeTarget "Notice" */ = {
			isa = XCConfigurationList;
			buildConfigurations = (
				D3B255C1240B9E040040AAE0 /* Debug */,
				D3B255C2240B9E040040AAE0 /* Release */,
			);
			defaultConfigurationIsVisible = 0;
			defaultConfigurationName = Release;
		};
/* End XCConfigurationList section */
	};
	rootObject = D3B255A4240B9E030040AAE0 /* Project object */;
}
